{
  "name": "governance",
  "version": "1.0.0",
  "lockfileVersion": 3,
  "requires": true,
  "packages": {
    "": {
      "name": "governance",
      "version": "1.0.0",
      "devDependencies": {
        "ds-test": "github:dapphub/ds-test",
        "forge-std": "github:foundry-rs/forge-std",
        "openzeppelin-contracts": "github:OpenZeppelin/openzeppelin-contracts"
      }
    },
    "node_modules/ds-test": {
      "version": "1.0.0",
      "resolved": "git+ssh://git@github.com/dapphub/ds-test.git#e282159d5170298eb2455a6c05280ab5a73a4ef0",
      "dev": true,
      "license": "GPL-3.0"
    },
    "node_modules/forge-std": {
      "version": "1.7.4",
      "resolved": "git+ssh://git@github.com/foundry-rs/forge-std.git#155d547c449afa8715f538d69454b83944117811",
      "dev": true,
      "license": "(Apache-2.0 OR MIT)"
    },
    "node_modules/openzeppelin-contracts": {
      "name": "openzeppelin-solidity",
      "version": "5.0.1",
      "resolved": "git+ssh://git@github.com/OpenZeppelin/openzeppelin-contracts.git#f627500649547942300719372ebdbc2113d7c1a1",
      "dev": true,
      "license": "MIT"
    }
  }
}
